// !$*UTF8*$!
{
	archiveVersion = 1;
	classes = {
	};
	objectVersion = 50;
	objects = {

/* Begin PBXBuildFile section */
		951C502924A92DC40010573D /* AppDelegate.swift in Sources */ = {isa = PBXBuildFile; fileRef = 951C502824A92DC40010573D /* AppDelegate.swift */; };
		951C502B24A92DC40010573D /* SceneDelegate.swift in Sources */ = {isa = PBXBuildFile; fileRef = 951C502A24A92DC40010573D /* SceneDelegate.swift */; };
		951C502D24A92DC40010573D /* ContentView.swift in Sources */ = {isa = PBXBuildFile; fileRef = 951C502C24A92DC40010573D /* ContentView.swift */; };
		951C502F24A92DC70010573D /* Assets.xcassets in Resources */ = {isa = PBXBuildFile; fileRef = 951C502E24A92DC70010573D /* Assets.xcassets */; };
		951C503224A92DC70010573D /* Preview Assets.xcassets in Resources */ = {isa = PBXBuildFile; fileRef = 951C503124A92DC70010573D /* Preview Assets.xcassets */; };
		951C503524A92DC70010573D /* LaunchScreen.storyboard in Resources */ = {isa = PBXBuildFile; fileRef = 951C503324A92DC70010573D /* LaunchScreen.storyboard */; };
		951C504024A92DC70010573D /* cuantoes_Tests.swift in Sources */ = {isa = PBXBuildFile; fileRef = 951C503F24A92DC70010573D /* cuantoes_Tests.swift */; };
		951C504B24A92DC70010573D /* cuantoes_UITests.swift in Sources */ = {isa = PBXBuildFile; fileRef = 951C504A24A92DC70010573D /* cuantoes_UITests.swift */; };
/* End PBXBuildFile section */

/* Begin PBXContainerItemProxy section */
		951C503C24A92DC70010573D /* PBXContainerItemProxy */ = {
			isa = PBXContainerItemProxy;
			containerPortal = 951C501D24A92DC40010573D /* Project object */;
			proxyType = 1;
			remoteGlobalIDString = 951C502424A92DC40010573D;
			remoteInfo = "cuantoes?";
		};
		951C504724A92DC70010573D /* PBXContainerItemProxy */ = {
			isa = PBXContainerItemProxy;
			containerPortal = 951C501D24A92DC40010573D /* Project object */;
			proxyType = 1;
			remoteGlobalIDString = 951C502424A92DC40010573D;
			remoteInfo = "cuantoes?";
		};
/* End PBXContainerItemProxy section */

/* Begin PBXFileReference section */
		951C502524A92DC40010573D /* cuantoes?.app */ = {isa = PBXFileReference; explicitFileType = wrapper.application; includeInIndex = 0; path = "cuantoes?.app"; sourceTree = BUILT_PRODUCTS_DIR; };
		951C502824A92DC40010573D /* AppDelegate.swift */ = {isa = PBXFileReference; lastKnownFileType = sourcecode.swift; path = AppDelegate.swift; sourceTree = "<group>"; };
		951C502A24A92DC40010573D /* SceneDelegate.swift */ = {isa = PBXFileReference; lastKnownFileType = sourcecode.swift; path = SceneDelegate.swift; sourceTree = "<group>"; };
		951C502C24A92DC40010573D /* ContentView.swift */ = {isa = PBXFileReference; lastKnownFileType = sourcecode.swift; path = ContentView.swift; sourceTree = "<group>"; };
		951C502E24A92DC70010573D /* Assets.xcassets */ = {isa = PBXFileReference; lastKnownFileType = folder.assetcatalog; path = Assets.xcassets; sourceTree = "<group>"; };
		951C503124A92DC70010573D /* Preview Assets.xcassets */ = {isa = PBXFileReference; lastKnownFileType = folder.assetcatalog; path = "Preview Assets.xcassets"; sourceTree = "<group>"; };
		951C503424A92DC70010573D /* Base */ = {isa = PBXFileReference; lastKnownFileType = file.storyboard; name = Base; path = Base.lproj/LaunchScreen.storyboard; sourceTree = "<group>"; };
		951C503624A92DC70010573D /* Info.plist */ = {isa = PBXFileReference; lastKnownFileType = text.plist.xml; path = Info.plist; sourceTree = "<group>"; };
		951C503B24A92DC70010573D /* cuantoes?Tests.xctest */ = {isa = PBXFileReference; explicitFileType = wrapper.cfbundle; includeInIndex = 0; path = "cuantoes?Tests.xctest"; sourceTree = BUILT_PRODUCTS_DIR; };
		951C503F24A92DC70010573D /* cuantoes_Tests.swift */ = {isa = PBXFileReference; lastKnownFileType = sourcecode.swift; path = cuantoes_Tests.swift; sourceTree = "<group>"; };
		951C504124A92DC70010573D /* Info.plist */ = {isa = PBXFileReference; lastKnownFileType = text.plist.xml; path = Info.plist; sourceTree = "<group>"; };
		951C504624A92DC70010573D /* cuantoes?UITests.xctest */ = {isa = PBXFileReference; explicitFileType = wrapper.cfbundle; includeInIndex = 0; path = "cuantoes?UITests.xctest"; sourceTree = BUILT_PRODUCTS_DIR; };
		951C504A24A92DC70010573D /* cuantoes_UITests.swift */ = {isa = PBXFileReference; lastKnownFileType = sourcecode.swift; path = cuantoes_UITests.swift; sourceTree = "<group>"; };
		951C504C24A92DC70010573D /* Info.plist */ = {isa = PBXFileReference; lastKnownFileType = text.plist.xml; path = Info.plist; sourceTree = "<group>"; };
/* End PBXFileReference section */

/* Begin PBXFrameworksBuildPhase section */
		951C502224A92DC40010573D /* Frameworks */ = {
			isa = PBXFrameworksBuildPhase;
			buildActionMask = 2147483647;
			files = (
			);
			runOnlyForDeploymentPostprocessing = 0;
		};
		951C503824A92DC70010573D /* Frameworks */ = {
			isa = PBXFrameworksBuildPhase;
			buildActionMask = 2147483647;
			files = (
			);
			runOnlyForDeploymentPostprocessing = 0;
		};
		951C504324A92DC70010573D /* Frameworks */ = {
			isa = PBXFrameworksBuildPhase;
			buildActionMask = 2147483647;
			files = (
			);
			runOnlyForDeploymentPostprocessing = 0;
		};
/* End PBXFrameworksBuildPhase section */

/* Begin PBXGroup section */
		951C501C24A92DC40010573D = {
			isa = PBXGroup;
			children = (
				951C502724A92DC40010573D /* cuantoes? */,
				951C503E24A92DC70010573D /* cuantoes?Tests */,
				951C504924A92DC70010573D /* cuantoes?UITests */,
				951C502624A92DC40010573D /* Products */,
			);
			sourceTree = "<group>";
		};
		951C502624A92DC40010573D /* Products */ = {
			isa = PBXGroup;
			children = (
				951C502524A92DC40010573D /* cuantoes?.app */,
				951C503B24A92DC70010573D /* cuantoes?Tests.xctest */,
				951C504624A92DC70010573D /* cuantoes?UITests.xctest */,
			);
			name = Products;
			sourceTree = "<group>";
		};
		951C502724A92DC40010573D /* cuantoes? */ = {
			isa = PBXGroup;
			children = (
				951C502824A92DC40010573D /* AppDelegate.swift */,
				951C502A24A92DC40010573D /* SceneDelegate.swift */,
				951C502C24A92DC40010573D /* ContentView.swift */,
				951C502E24A92DC70010573D /* Assets.xcassets */,
				951C503324A92DC70010573D /* LaunchScreen.storyboard */,
				951C503624A92DC70010573D /* Info.plist */,
				951C503024A92DC70010573D /* Preview Content */,
			);
			path = "cuantoes?";
			sourceTree = "<group>";
		};
		951C503024A92DC70010573D /* Preview Content */ = {
			isa = PBXGroup;
			children = (
				951C503124A92DC70010573D /* Preview Assets.xcassets */,
			);
			path = "Preview Content";
			sourceTree = "<group>";
		};
		951C503E24A92DC70010573D /* cuantoes?Tests */ = {
			isa = PBXGroup;
			children = (
				951C503F24A92DC70010573D /* cuantoes_Tests.swift */,
				951C504124A92DC70010573D /* Info.plist */,
			);
			path = "cuantoes?Tests";
			sourceTree = "<group>";
		};
		951C504924A92DC70010573D /* cuantoes?UITests */ = {
			isa = PBXGroup;
			children = (
				951C504A24A92DC70010573D /* cuantoes_UITests.swift */,
				951C504C24A92DC70010573D /* Info.plist */,
			);
			path = "cuantoes?UITests";
			sourceTree = "<group>";
		};
/* End PBXGroup section */

/* Begin PBXNativeTarget section */
		951C502424A92DC40010573D /* cuantoes? */ = {
			isa = PBXNativeTarget;
			buildConfigurationList = 951C504F24A92DC70010573D /* Build configuration list for PBXNativeTarget "cuantoes?" */;
			buildPhases = (
				951C502124A92DC40010573D /* Sources */,
				951C502224A92DC40010573D /* Frameworks */,
				951C502324A92DC40010573D /* Resources */,
			);
			buildRules = (
			);
			dependencies = (
			);
			name = "cuantoes?";
			productName = "cuantoes?";
			productReference = 951C502524A92DC40010573D /* cuantoes?.app */;
			productType = "com.apple.product-type.application";
		};
		951C503A24A92DC70010573D /* cuantoes?Tests */ = {
			isa = PBXNativeTarget;
			buildConfigurationList = 951C505224A92DC70010573D /* Build configuration list for PBXNativeTarget "cuantoes?Tests" */;
			buildPhases = (
				951C503724A92DC70010573D /* Sources */,
				951C503824A92DC70010573D /* Frameworks */,
				951C503924A92DC70010573D /* Resources */,
			);
			buildRules = (
			);
			dependencies = (
				951C503D24A92DC70010573D /* PBXTargetDependency */,
			);
			name = "cuantoes?Tests";
			productName = "cuantoes?Tests";
			productReference = 951C503B24A92DC70010573D /* cuantoes?Tests.xctest */;
			productType = "com.apple.product-type.bundle.unit-test";
		};
		951C504524A92DC70010573D /* cuantoes?UITests */ = {
			isa = PBXNativeTarget;
			buildConfigurationList = 951C505524A92DC70010573D /* Build configuration list for PBXNativeTarget "cuantoes?UITests" */;
			buildPhases = (
				951C504224A92DC70010573D /* Sources */,
				951C504324A92DC70010573D /* Frameworks */,
				951C504424A92DC70010573D /* Resources */,
			);
			buildRules = (
			);
			dependencies = (
				951C504824A92DC70010573D /* PBXTargetDependency */,
			);
			name = "cuantoes?UITests";
			productName = "cuantoes?UITests";
			productReference = 951C504624A92DC70010573D /* cuantoes?UITests.xctest */;
			productType = "com.apple.product-type.bundle.ui-testing";
		};
/* End PBXNativeTarget section */

/* Begin PBXProject section */
		951C501D24A92DC40010573D /* Project object */ = {
			isa = PBXProject;
			attributes = {
				LastSwiftUpdateCheck = 1150;
				LastUpgradeCheck = 1150;
				ORGANIZATIONNAME = "Shailyn javier Ortiz jimenez";
				TargetAttributes = {
					951C502424A92DC40010573D = {
						CreatedOnToolsVersion = 11.5;
					};
					951C503A24A92DC70010573D = {
						CreatedOnToolsVersion = 11.5;
						TestTargetID = 951C502424A92DC40010573D;
					};
					951C504524A92DC70010573D = {
						CreatedOnToolsVersion = 11.5;
						TestTargetID = 951C502424A92DC40010573D;
					};
				};
			};
			buildConfigurationList = 951C502024A92DC40010573D /* Build configuration list for PBXProject "cuantoes?" */;
			compatibilityVersion = "Xcode 9.3";
			developmentRegion = en;
			hasScannedForEncodings = 0;
			knownRegions = (
				en,
				Base,
			);
			mainGroup = 951C501C24A92DC40010573D;
			productRefGroup = 951C502624A92DC40010573D /* Products */;
			projectDirPath = "";
			projectRoot = "";
			targets = (
				951C502424A92DC40010573D /* cuantoes? */,
				951C503A24A92DC70010573D /* cuantoes?Tests */,
				951C504524A92DC70010573D /* cuantoes?UITests */,
			);
		};
/* End PBXProject section */

/* Begin PBXResourcesBuildPhase section */
		951C502324A92DC40010573D /* Resources */ = {
			isa = PBXResourcesBuildPhase;
			buildActionMask = 2147483647;
			files = (
				951C503524A92DC70010573D /* LaunchScreen.storyboard in Resources */,
				951C503224A92DC70010573D /* Preview Assets.xcassets in Resources */,
				951C502F24A92DC70010573D /* Assets.xcassets in Resources */,
			);
			runOnlyForDeploymentPostprocessing = 0;
		};
		951C503924A92DC70010573D /* Resources */ = {
			isa = PBXResourcesBuildPhase;
			buildActionMask = 2147483647;
			files = (
			);
			runOnlyForDeploymentPostprocessing = 0;
		};
		951C504424A92DC70010573D /* Resources */ = {
			isa = PBXResourcesBuildPhase;
			buildActionMask = 2147483647;
			files = (
			);
			runOnlyForDeploymentPostprocessing = 0;
		};
/* End PBXResourcesBuildPhase section */

/* Begin PBXSourcesBuildPhase section */
		951C502124A92DC40010573D /* Sources */ = {
			isa = PBXSourcesBuildPhase;
			buildActionMask = 2147483647;
			files = (
				951C502924A92DC40010573D /* AppDelegate.swift in Sources */,
				951C502B24A92DC40010573D /* SceneDelegate.swift in Sources */,
				951C502D24A92DC40010573D /* ContentView.swift in Sources */,
			);
			runOnlyForDeploymentPostprocessing = 0;
		};
		951C503724A92DC70010573D /* Sources */ = {
			isa = PBXSourcesBuildPhase;
			buildActionMask = 2147483647;
			files = (
				951C504024A92DC70010573D /* cuantoes_Tests.swift in Sources */,
			);
			runOnlyForDeploymentPostprocessing = 0;
		};
		951C504224A92DC70010573D /* Sources */ = {
			isa = PBXSourcesBuildPhase;
			buildActionMask = 2147483647;
			files = (
				951C504B24A92DC70010573D /* cuantoes_UITests.swift in Sources */,
			);
			runOnlyForDeploymentPostprocessing = 0;
		};
/* End PBXSourcesBuildPhase section */

/* Begin PBXTargetDependency section */
		951C503D24A92DC70010573D /* PBXTargetDependency */ = {
			isa = PBXTargetDependency;
			target = 951C502424A92DC40010573D /* cuantoes? */;
			targetProxy = 951C503C24A92DC70010573D /* PBXContainerItemProxy */;
		};
		951C504824A92DC70010573D /* PBXTargetDependency */ = {
			isa = PBXTargetDependency;
			target = 951C502424A92DC40010573D /* cuantoes? */;
			targetProxy = 951C504724A92DC70010573D /* PBXContainerItemProxy */;
		};
/* End PBXTargetDependency section */

/* Begin PBXVariantGroup section */
		951C503324A92DC70010573D /* LaunchScreen.storyboard */ = {
			isa = PBXVariantGroup;
			children = (
				951C503424A92DC70010573D /* Base */,
			);
			name = LaunchScreen.storyboard;
			sourceTree = "<group>";
		};
/* End PBXVariantGroup section */

/* Begin XCBuildConfiguration section */
		951C504D24A92DC70010573D /* Debug */ = {
			isa = XCBuildConfiguration;
			buildSettings = {
				ALWAYS_SEARCH_USER_PATHS = NO;
				CLANG_ANALYZER_NONNULL = YES;
				CLANG_ANALYZER_NUMBER_OBJECT_CONVERSION = YES_AGGRESSIVE;
				CLANG_CXX_LANGUAGE_STANDARD = "gnu++14";
				CLANG_CXX_LIBRARY = "libc++";
				CLANG_ENABLE_MODULES = YES;
				CLANG_ENABLE_OBJC_ARC = YES;
				CLANG_ENABLE_OBJC_WEAK = YES;
				CLANG_WARN_BLOCK_CAPTURE_AUTORELEASING = YES;
				CLANG_WARN_BOOL_CONVERSION = YES;
				CLANG_WARN_COMMA = YES;
				CLANG_WARN_CONSTANT_CONVERSION = YES;
				CLANG_WARN_DEPRECATED_OBJC_IMPLEMENTATIONS = YES;
				CLANG_WARN_DIRECT_OBJC_ISA_USAGE = YES_ERROR;
				CLANG_WARN_DOCUMENTATION_COMMENTS = YES;
				CLANG_WARN_EMPTY_BODY = YES;
				CLANG_WARN_ENUM_CONVERSION = YES;
				CLANG_WARN_INFINITE_RECURSION = YES;
				CLANG_WARN_INT_CONVERSION = YES;
				CLANG_WARN_NON_LITERAL_NULL_CONVERSION = YES;
				CLANG_WARN_OBJC_IMPLICIT_RETAIN_SELF = YES;
				CLANG_WARN_OBJC_LITERAL_CONVERSION = YES;
				CLANG_WARN_OBJC_ROOT_CLASS = YES_ERROR;
				CLANG_WARN_RANGE_LOOP_ANALYSIS = YES;
				CLANG_WARN_STRICT_PROTOTYPES = YES;
				CLANG_WARN_SUSPICIOUS_MOVE = YES;
				CLANG_WARN_UNGUARDED_AVAILABILITY = YES_AGGRESSIVE;
				CLANG_WARN_UNREACHABLE_CODE = YES;
				CLANG_WARN__DUPLICATE_METHOD_MATCH = YES;
				COPY_PHASE_STRIP = NO;
				DEBUG_INFORMATION_FORMAT = dwarf;
				ENABLE_STRICT_OBJC_MSGSEND = YES;
				ENABLE_TESTABILITY = YES;
				GCC_C_LANGUAGE_STANDARD = gnu11;
				GCC_DYNAMIC_NO_PIC = NO;
				GCC_NO_COMMON_BLOCKS = YES;
				GCC_OPTIMIZATION_LEVEL = 0;
				GCC_PREPROCESSOR_DEFINITIONS = (
					"DEBUG=1",
					"$(inherited)",
				);
				GCC_WARN_64_TO_32_BIT_CONVERSION = YES;
				GCC_WARN_ABOUT_RETURN_TYPE = YES_ERROR;
				GCC_WARN_UNDECLARED_SELECTOR = YES;
				GCC_WARN_UNINITIALIZED_AUTOS = YES_AGGRESSIVE;
				GCC_WARN_UNUSED_FUNCTION = YES;
				GCC_WARN_UNUSED_VARIABLE = YES;
				IPHONEOS_DEPLOYMENT_TARGET = 13.5;
				MTL_ENABLE_DEBUG_INFO = INCLUDE_SOURCE;
				MTL_FAST_MATH = YES;
				ONLY_ACTIVE_ARCH = YES;
				SDKROOT = iphoneos;
				SWIFT_ACTIVE_COMPILATION_CONDITIONS = DEBUG;
				SWIFT_OPTIMIZATION_LEVEL = "-Onone";
			};
			name = Debug;
		};
		951C504E24A92DC70010573D /* Release */ = {
			isa = XCBuildConfiguration;
			buildSettings = {
				ALWAYS_SEARCH_USER_PATHS = NO;
				CLANG_ANALYZER_NONNULL = YES;
				CLANG_ANALYZER_NUMBER_OBJECT_CONVERSION = YES_AGGRESSIVE;
				CLANG_CXX_LANGUAGE_STANDARD = "gnu++14";
				CLANG_CXX_LIBRARY = "libc++";
				CLANG_ENABLE_MODULES = YES;
				CLANG_ENABLE_OBJC_ARC = YES;
				CLANG_ENABLE_OBJC_WEAK = YES;
				CLANG_WARN_BLOCK_CAPTURE_AUTORELEASING = YES;
				CLANG_WARN_BOOL_CONVERSION = YES;
				CLANG_WARN_COMMA = YES;
				CLANG_WARN_CONSTANT_CONVERSION = YES;
				CLANG_WARN_DEPRECATED_OBJC_IMPLEMENTATIONS = YES;
				CLANG_WARN_DIRECT_OBJC_ISA_USAGE = YES_ERROR;
				CLANG_WARN_DOCUMENTATION_COMMENTS = YES;
				CLANG_WARN_EMPTY_BODY = YES;
				CLANG_WARN_ENUM_CONVERSION = YES;
				CLANG_WARN_INFINITE_RECURSION = YES;
				CLANG_WARN_INT_CONVERSION = YES;
				CLANG_WARN_NON_LITERAL_NULL_CONVERSION = YES;
				CLANG_WARN_OBJC_IMPLICIT_RETAIN_SELF = YES;
				CLANG_WARN_OBJC_LITERAL_CONVERSION = YES;
				CLANG_WARN_OBJC_ROOT_CLASS = YES_ERROR;
				CLANG_WARN_RANGE_LOOP_ANALYSIS = YES;
				CLANG_WARN_STRICT_PROTOTYPES = YES;
				CLANG_WARN_SUSPICIOUS_MOVE = YES;
				CLANG_WARN_UNGUARDED_AVAILABILITY = YES_AGGRESSIVE;
				CLANG_WARN_UNREACHABLE_CODE = YES;
				CLANG_WARN__DUPLICATE_METHOD_MATCH = YES;
				COPY_PHASE_STRIP = NO;
				DEBUG_INFORMATION_FORMAT = "dwarf-with-dsym";
				ENABLE_NS_ASSERTIONS = NO;
				ENABLE_STRICT_OBJC_MSGSEND = YES;
				GCC_C_LANGUAGE_STANDARD = gnu11;
				GCC_NO_COMMON_BLOCKS = YES;
				GCC_WARN_64_TO_32_BIT_CONVERSION = YES;
				GCC_WARN_ABOUT_RETURN_TYPE = YES_ERROR;
				GCC_WARN_UNDECLARED_SELECTOR = YES;
				GCC_WARN_UNINITIALIZED_AUTOS = YES_AGGRESSIVE;
				GCC_WARN_UNUSED_FUNCTION = YES;
				GCC_WARN_UNUSED_VARIABLE = YES;
				IPHONEOS_DEPLOYMENT_TARGET = 13.5;
				MTL_ENABLE_DEBUG_INFO = NO;
				MTL_FAST_MATH = YES;
				SDKROOT = iphoneos;
				SWIFT_COMPILATION_MODE = wholemodule;
				SWIFT_OPTIMIZATION_LEVEL = "-O";
				VALIDATE_PRODUCT = YES;
			};
			name = Release;
		};
		951C505024A92DC70010573D /* Debug */ = {
			isa = XCBuildConfiguration;
			buildSettings = {
				ASSETCATALOG_COMPILER_APPICON_NAME = AppIcon;
				CODE_SIGN_STYLE = Automatic;
				DEVELOPMENT_ASSET_PATHS = "\"cuantoes?/Preview Content\"";
				DEVELOPMENT_TEAM = L4895B3HRK;
				ENABLE_PREVIEWS = YES;
				INFOPLIST_FILE = "cuantoes?/Info.plist";
				LD_RUNPATH_SEARCH_PATHS = (
					"$(inherited)",
					"@executable_path/Frameworks",
				);
				PRODUCT_BUNDLE_IDENTIFIER = "stash.cuantoes-";
				PRODUCT_NAME = "$(TARGET_NAME)";
				SWIFT_VERSION = 5.0;
				TARGETED_DEVICE_FAMILY = "1,2";
			};
			name = Debug;
		};
		951C505124A92DC70010573D /* Release */ = {
			isa = XCBuildConfiguration;
			buildSettings = {
				ASSETCATALOG_COMPILER_APPICON_NAME = AppIcon;
				CODE_SIGN_STYLE = Automatic;
				DEVELOPMENT_ASSET_PATHS = "\"cuantoes?/Preview Content\"";
				DEVELOPMENT_TEAM = L4895B3HRK;
				ENABLE_PREVIEWS = YES;
				INFOPLIST_FILE = "cuantoes?/Info.plist";
				LD_RUNPATH_SEARCH_PATHS = (
					"$(inherited)",
					"@executable_path/Frameworks",
				);
				PRODUCT_BUNDLE_IDENTIFIER = "stash.cuantoes-";
				PRODUCT_NAME = "$(TARGET_NAME)";
				SWIFT_VERSION = 5.0;
				TARGETED_DEVICE_FAMILY = "1,2";
			};
			name = Release;
		};
		951C505324A92DC70010573D /* Debug */ = {
			isa = XCBuildConfiguration;
			buildSettings = {
				ALWAYS_EMBED_SWIFT_STANDARD_LIBRARIES = YES;
				BUNDLE_LOADER = "$(TEST_HOST)";
				CODE_SIGN_STYLE = Automatic;
				DEVELOPMENT_TEAM = L4895B3HRK;
				INFOPLIST_FILE = "cuantoes?Tests/Info.plist";
				IPHONEOS_DEPLOYMENT_TARGET = 13.5;
				LD_RUNPATH_SEARCH_PATHS = (
					"$(inherited)",
					"@executable_path/Frameworks",
					"@loader_path/Frameworks",
				);
				PRODUCT_BUNDLE_IDENTIFIER = "stash.cuantoes-Tests";
				PRODUCT_NAME = "$(TARGET_NAME)";
				SWIFT_VERSION = 5.0;
				TARGETED_DEVICE_FAMILY = "1,2";
				TEST_HOST = "$(BUILT_PRODUCTS_DIR)/cuantoes?.app/cuantoes?";
			};
			name = Debug;
		};
		951C505424A92DC70010573D /* Release */ = {
			isa = XCBuildConfiguration;
			buildSettings = {
				ALWAYS_EMBED_SWIFT_STANDARD_LIBRARIES = YES;
				BUNDLE_LOADER = "$(TEST_HOST)";
				CODE_SIGN_STYLE = Automatic;
				DEVELOPMENT_TEAM = L4895B3HRK;
				INFOPLIST_FILE = "cuantoes?Tests/Info.plist";
				IPHONEOS_DEPLOYMENT_TARGET = 13.5;
				LD_RUNPATH_SEARCH_PATHS = (
					"$(inherited)",
					"@executable_path/Frameworks",
					"@loader_path/Frameworks",
				);
				PRODUCT_BUNDLE_IDENTIFIER = "stash.cuantoes-Tests";
				PRODUCT_NAME = "$(TARGET_NAME)";
				SWIFT_VERSION = 5.0;
				TARGETED_DEVICE_FAMILY = "1,2";
				TEST_HOST = "$(BUILT_PRODUCTS_DIR)/cuantoes?.app/cuantoes?";
			};
			name = Release;
		};
		951C505624A92DC70010573D /* Debug */ = {
			isa = XCBuildConfiguration;
			buildSettings = {
				ALWAYS_EMBED_SWIFT_STANDARD_LIBRARIES = YES;
				CODE_SIGN_STYLE = Automatic;
				DEVELOPMENT_TEAM = L4895B3HRK;
				INFOPLIST_FILE = "cuantoes?UITests/Info.plist";
				LD_RUNPATH_SEARCH_PATHS = (
					"$(inherited)",
					"@executable_path/Frameworks",
					"@loader_path/Frameworks",
				);
				PRODUCT_BUNDLE_IDENTIFIER = "stash.cuantoes-UITests";
				PRODUCT_NAME = "$(TARGET_NAME)";
				SWIFT_VERSION = 5.0;
				TARGETED_DEVICE_FAMILY = "1,2";
				TEST_TARGET_NAME = "cuantoes?";
			};
			name = Debug;
		};
		951C505724A92DC70010573D /* Release */ = {
			isa = XCBuildConfiguration;
			buildSettings = {
				ALWAYS_EMBED_SWIFT_STANDARD_LIBRARIES = YES;
				CODE_SIGN_STYLE = Automatic;
				DEVELOPMENT_TEAM = L4895B3HRK;
				INFOPLIST_FILE = "cuantoes?UITests/Info.plist";
				LD_RUNPATH_SEARCH_PATHS = (
					"$(inherited)",
					"@executable_path/Frameworks",
					"@loader_path/Frameworks",
				);
				PRODUCT_BUNDLE_IDENTIFIER = "stash.cuantoes-UITests";
				PRODUCT_NAME = "$(TARGET_NAME)";
				SWIFT_VERSION = 5.0;
				TARGETED_DEVICE_FAMILY = "1,2";
				TEST_TARGET_NAME = "cuantoes?";
			};
			name = Release;
		};
/* End XCBuildConfiguration section */

/* Begin XCConfigurationList section */
		951C502024A92DC40010573D /* Build configuration list for PBXProject "cuantoes?" */ = {
			isa = XCConfigurationList;
			buildConfigurations = (
				951C504D24A92DC70010573D /* Debug */,
				951C504E24A92DC70010573D /* Release */,
			);
			defaultConfigurationIsVisible = 0;
			defaultConfigurationName = Release;
		};
		951C504F24A92DC70010573D /* Build configuration list for PBXNativeTarget "cuantoes?" */ = {
			isa = XCConfigurationList;
			buildConfigurations = (
				951C505024A92DC70010573D /* Debug */,
				951C505124A92DC70010573D /* Release */,
			);
			defaultConfigurationIsVisible = 0;
			defaultConfigurationName = Release;
		};
		951C505224A92DC70010573D /* Build configuration list for PBXNativeTarget "cuantoes?Tests" */ = {
			isa = XCConfigurationList;
			buildConfigurations = (
				951C505324A92DC70010573D /* Debug */,
				951C505424A92DC70010573D /* Release */,
			);
			defaultConfigurationIsVisible = 0;
			defaultConfigurationName = Release;
		};
		951C505524A92DC70010573D /* Build configuration list for PBXNativeTarget "cuantoes?UITests" */ = {
			isa = XCConfigurationList;
			buildConfigurations = (
				951C505624A92DC70010573D /* Debug */,
				951C505724A92DC70010573D /* Release */,
			);
			defaultConfigurationIsVisible = 0;
			defaultConfigurationName = Release;
		};
/* End XCConfigurationList section */
	};
	rootObject = 951C501D24A92DC40010573D /* Project object */;
}
